
Microsoft Visual Studio Solution File, Format Version 12.00
# Visual Studio 15
VisualStudioVersion = 15.0.27428.2015
MinimumVisualStudioVersion = 10.0.40219.1
Project("{FAE04EC0-301F-11D3-BF4B-00C04F79EFBC}") = "ChatProject", "ChatProject\ChatProject.csproj", "{E07032EE-8D22-42AB-ACA9-E1BDECFBC2F0}"
EndProject
Project("{FAE04EC0-301F-11D3-BF4B-00C04F79EFBC}") = "ChatClient", "ChatClient\ChatClient.csproj", "{3B78C7E4-53B1-483B-A520-41FEA3835749}"
EndProject
Project("{FAE04EC0-301F-11D3-BF4B-00C04F79EFBC}") = "Crypting", "Crypting\Crypting.csproj", "{395A8EED-5144-4217-9E07-C091A47D1DC8}"
EndProject
Project("{FAE04EC0-301F-11D3-BF4B-00C04F79EFBC}") = "UserProcessing", "UserProcessing\UserProcessing.csproj", "{BFEEAC6D-369D-445D-9534-A7AD41B5DB2B}"
EndProject
Project("{FAE04EC0-301F-11D3-BF4B-00C04F79EFBC}") = "Hashing", "Hashing\Hashing.csproj", "{29EE6878-B480-4D55-A271-7B843ECE123D}"
EndProject
Global
	GlobalSection(SolutionConfigurationPlatforms) = preSolution
		Debug|Any CPU = Debug|Any CPU
		Release|Any CPU = Release|Any CPU
	EndGlobalSection
	GlobalSection(ProjectConfigurationPlatforms) = postSolution
		{E07032EE-8D22-42AB-ACA9-E1BDECFBC2F0}.Debug|Any CPU.ActiveCfg = Debug|Any CPU
		{E07032EE-8D22-42AB-ACA9-E1BDECFBC2F0}.Debug|Any CPU.Build.0 = Debug|Any CPU
		{E07032EE-8D22-42AB-ACA9-E1BDECFBC2F0}.Release|Any CPU.ActiveCfg = Release|Any CPU
		{E07032EE-8D22-42AB-ACA9-E1BDECFBC2F0}.Release|Any CPU.Build.0 = Release|Any CPU
		{3B78C7E4-53B1-483B-A520-41FEA3835749}.Debug|Any CPU.ActiveCfg = Debug|Any CPU
		{3B78C7E4-53B1-483B-A520-41FEA3835749}.Debug|Any CPU.Build.0 = Debug|Any CPU
		{3B78C7E4-53B1-483B-A520-41FEA3835749}.Release|Any CPU.ActiveCfg = Release|Any CPU
		{3B78C7E4-53B1-483B-A520-41FEA3835749}.Release|Any CPU.Build.0 = Release|Any CPU
		{395A8EED-5144-4217-9E07-C091A47D1DC8}.Debug|Any CPU.ActiveCfg = Debug|Any CPU
		{395A8EED-5144-4217-9E07-C091A47D1DC8}.Debug|Any CPU.Build.0 = Debug|Any CPU
		{395A8EED-5144-4217-9E07-C091A47D1DC8}.Release|Any CPU.ActiveCfg = Release|Any CPU
		{395A8EED-5144-4217-9E07-C091A47D1DC8}.Release|Any CPU.Build.0 = Release|Any CPU
		{BFEEAC6D-369D-445D-9534-A7AD41B5DB2B}.Debug|Any CPU.ActiveCfg = Debug|Any CPU
		{BFEEAC6D-369D-445D-9534-A7AD41B5DB2B}.Debug|Any CPU.Build.0 = Debug|Any CPU
		{BFEEAC6D-369D-445D-9534-A7AD41B5DB2B}.Release|Any CPU.ActiveCfg = Release|Any CPU
		{BFEEAC6D-369D-445D-9534-A7AD41B5DB2B}.Release|Any CPU.Build.0 = Release|Any CPU
		{29EE6878-B480-4D55-A271-7B843ECE123D}.Debug|Any CPU.ActiveCfg = Debug|Any CPU
		{29EE6878-B480-4D55-A271-7B843ECE123D}.Debug|Any CPU.Build.0 = Debug|Any CPU
		{29EE6878-B480-4D55-A271-7B843ECE123D}.Release|Any CPU.ActiveCfg = Release|Any CPU
		{29EE6878-B480-4D55-A271-7B843ECE123D}.Release|Any CPU.Build.0 = Release|Any CPU
	EndGlobalSection
	GlobalSection(SolutionProperties) = preSolution
		HideSolutionNode = FALSE
	EndGlobalSection
	GlobalSection(ExtensibilityGlobals) = postSolution
		SolutionGuid = {48BA0181-F92F-4494-8BFE-AD753F77DD0D}
	EndGlobalSection
EndGlobal
